// !$*UTF8*$!
{
	archiveVersion = 1;
	classes = {
	};
	objectVersion = 46;
	objects = {

/* Begin PBXBuildFile section */
		C24BB9711AE04CA200FF9C91 /* AppDelegate.swift in Sources */ = {isa = PBXBuildFile; fileRef = C24BB9701AE04CA200FF9C91 /* AppDelegate.swift */; };
		C24BB9761AE04CA200FF9C91 /* Main.storyboard in Resources */ = {isa = PBXBuildFile; fileRef = C24BB9741AE04CA200FF9C91 /* Main.storyboard */; };
		C24BB9781AE04CA200FF9C91 /* Images.xcassets in Resources */ = {isa = PBXBuildFile; fileRef = C24BB9771AE04CA200FF9C91 /* Images.xcassets */; };
		C24BB97B1AE04CA200FF9C91 /* LaunchScreen.xib in Resources */ = {isa = PBXBuildFile; fileRef = C24BB9791AE04CA200FF9C91 /* LaunchScreen.xib */; };
		C24BB9871AE04CA200FF9C91 /* NotesTests.swift in Sources */ = {isa = PBXBuildFile; fileRef = C24BB9861AE04CA200FF9C91 /* NotesTests.swift */; };
		C24BB9911AE04E0900FF9C91 /* NotesTableViewController.swift in Sources */ = {isa = PBXBuildFile; fileRef = C24BB9901AE04E0800FF9C91 /* NotesTableViewController.swift */; };
/* End PBXBuildFile section */

/* Begin PBXContainerItemProxy section */
		C24BB9811AE04CA200FF9C91 /* PBXContainerItemProxy */ = {
			isa = PBXContainerItemProxy;
			containerPortal = C24BB9631AE04CA200FF9C91 /* Project object */;
			proxyType = 1;
			remoteGlobalIDString = C24BB96A1AE04CA200FF9C91;
			remoteInfo = Notes;
		};
/* End PBXContainerItemProxy section */

/* Begin PBXFileReference section */
		C24BB96B1AE04CA200FF9C91 /* Notes.app */ = {isa = PBXFileReference; explicitFileType = wrapper.application; includeInIndex = 0; path = Notes.app; sourceTree = BUILT_PRODUCTS_DIR; };
		C24BB96F1AE04CA200FF9C91 /* Info.plist */ = {isa = PBXFileReference; lastKnownFileType = text.plist.xml; path = Info.plist; sourceTree = "<group>"; };
		C24BB9701AE04CA200FF9C91 /* AppDelegate.swift */ = {isa = PBXFileReference; lastKnownFileType = sourcecode.swift; path = AppDelegate.swift; sourceTree = "<group>"; };
		C24BB9751AE04CA200FF9C91 /* Base */ = {isa = PBXFileReference; lastKnownFileType = file.storyboard; name = Base; path = Base.lproj/Main.storyboard; sourceTree = "<group>"; };
		C24BB9771AE04CA200FF9C91 /* Images.xcassets */ = {isa = PBXFileReference; lastKnownFileType = folder.assetcatalog; path = Images.xcassets; sourceTree = "<group>"; };
		C24BB97A1AE04CA200FF9C91 /* Base */ = {isa = PBXFileReference; lastKnownFileType = file.xib; name = Base; path = Base.lproj/LaunchScreen.xib; sourceTree = "<group>"; };
		C24BB9801AE04CA200FF9C91 /* NotesTests.xctest */ = {isa = PBXFileReference; explicitFileType = wrapper.cfbundle; includeInIndex = 0; path = NotesTests.xctest; sourceTree = BUILT_PRODUCTS_DIR; };
		C24BB9851AE04CA200FF9C91 /* Info.plist */ = {isa = PBXFileReference; lastKnownFileType = text.plist.xml; path = Info.plist; sourceTree = "<group>"; };
		C24BB9861AE04CA200FF9C91 /* NotesTests.swift */ = {isa = PBXFileReference; lastKnownFileType = sourcecode.swift; path = NotesTests.swift; sourceTree = "<group>"; };
		C24BB9901AE04E0800FF9C91 /* NotesTableViewController.swift */ = {isa = PBXFileReference; fileEncoding = 4; lastKnownFileType = sourcecode.swift; path = NotesTableViewController.swift; sourceTree = "<group>"; };
/* End PBXFileReference section */

/* Begin PBXFrameworksBuildPhase section */
		C24BB9681AE04CA200FF9C91 /* Frameworks */ = {
			isa = PBXFrameworksBuildPhase;
			buildActionMask = 2147483647;
			files = (
			);
			runOnlyForDeploymentPostprocessing = 0;
		};
		C24BB97D1AE04CA200FF9C91 /* Frameworks */ = {
			isa = PBXFrameworksBuildPhase;
			buildActionMask = 2147483647;
			files = (
			);
			runOnlyForDeploymentPostprocessing = 0;
		};
/* End PBXFrameworksBuildPhase section */

/* Begin PBXGroup section */
		C24BB9621AE04CA200FF9C91 = {
			isa = PBXGroup;
			children = (
				C24BB96D1AE04CA200FF9C91 /* Notes */,
				C24BB9831AE04CA200FF9C91 /* NotesTests */,
				C24BB96C1AE04CA200FF9C91 /* Products */,
			);
			sourceTree = "<group>";
		};
		C24BB96C1AE04CA200FF9C91 /* Products */ = {
			isa = PBXGroup;
			children = (
				C24BB96B1AE04CA200FF9C91 /* Notes.app */,
				C24BB9801AE04CA200FF9C91 /* NotesTests.xctest */,
			);
			name = Products;
			sourceTree = "<group>";
		};
		C24BB96D1AE04CA200FF9C91 /* Notes */ = {
			isa = PBXGroup;
			children = (
				C24BB9701AE04CA200FF9C91 /* AppDelegate.swift */,
				C24BB9741AE04CA200FF9C91 /* Main.storyboard */,
				C24BB9771AE04CA200FF9C91 /* Images.xcassets */,
				C24BB9791AE04CA200FF9C91 /* LaunchScreen.xib */,
				C24BB96E1AE04CA200FF9C91 /* Supporting Files */,
				C24BB9901AE04E0800FF9C91 /* NotesTableViewController.swift */,
			);
			path = Notes;
			sourceTree = "<group>";
		};
		C24BB96E1AE04CA200FF9C91 /* Supporting Files */ = {
			isa = PBXGroup;
			children = (
				C24BB96F1AE04CA200FF9C91 /* Info.plist */,
			);
			name = "Supporting Files";
			sourceTree = "<group>";
		};
		C24BB9831AE04CA200FF9C91 /* NotesTests */ = {
			isa = PBXGroup;
			children = (
				C24BB9861AE04CA200FF9C91 /* NotesTests.swift */,
				C24BB9841AE04CA200FF9C91 /* Supporting Files */,
			);
			path = NotesTests;
			sourceTree = "<group>";
		};
		C24BB9841AE04CA200FF9C91 /* Supporting Files */ = {
			isa = PBXGroup;
			children = (
				C24BB9851AE04CA200FF9C91 /* Info.plist */,
			);
			name = "Supporting Files";
			sourceTree = "<group>";
		};
/* End PBXGroup section */

/* Begin PBXNativeTarget section */
		C24BB96A1AE04CA200FF9C91 /* Notes */ = {
			isa = PBXNativeTarget;
			buildConfigurationList = C24BB98A1AE04CA200FF9C91 /* Build configuration list for PBXNativeTarget "Notes" */;
			buildPhases = (
				C24BB9671AE04CA200FF9C91 /* Sources */,
				C24BB9681AE04CA200FF9C91 /* Frameworks */,
				C24BB9691AE04CA200FF9C91 /* Resources */,
			);
			buildRules = (
			);
			dependencies = (
			);
			name = Notes;
			productName = Notes;
			productReference = C24BB96B1AE04CA200FF9C91 /* Notes.app */;
			productType = "com.apple.product-type.application";
		};
		C24BB97F1AE04CA200FF9C91 /* NotesTests */ = {
			isa = PBXNativeTarget;
			buildConfigurationList = C24BB98D1AE04CA200FF9C91 /* Build configuration list for PBXNativeTarget "NotesTests" */;
			buildPhases = (
				C24BB97C1AE04CA200FF9C91 /* Sources */,
				C24BB97D1AE04CA200FF9C91 /* Frameworks */,
				C24BB97E1AE04CA200FF9C91 /* Resources */,
			);
			buildRules = (
			);
			dependencies = (
				C24BB9821AE04CA200FF9C91 /* PBXTargetDependency */,
			);
			name = NotesTests;
			productName = NotesTests;
			productReference = C24BB9801AE04CA200FF9C91 /* NotesTests.xctest */;
			productType = "com.apple.product-type.bundle.unit-test";
		};
/* End PBXNativeTarget section */

/* Begin PBXProject section */
		C24BB9631AE04CA200FF9C91 /* Project object */ = {
			isa = PBXProject;
			attributes = {
				LastUpgradeCheck = 0630;
				ORGANIZATIONNAME = dscx;
				TargetAttributes = {
					C24BB96A1AE04CA200FF9C91 = {
						CreatedOnToolsVersion = 6.3;
					};
					C24BB97F1AE04CA200FF9C91 = {
						CreatedOnToolsVersion = 6.3;
						TestTargetID = C24BB96A1AE04CA200FF9C91;
					};
				};
			};
			buildConfigurationList = C24BB9661AE04CA200FF9C91 /* Build configuration list for PBXProject "Notes" */;
			compatibilityVersion = "Xcode 3.2";
			developmentRegion = English;
			hasScannedForEncodings = 0;
			knownRegions = (
				en,
				Base,
			);
			mainGroup = C24BB9621AE04CA200FF9C91;
			productRefGroup = C24BB96C1AE04CA200FF9C91 /* Products */;
			projectDirPath = "";
			projectRoot = "";
			targets = (
				C24BB96A1AE04CA200FF9C91 /* Notes */,
				C24BB97F1AE04CA200FF9C91 /* NotesTests */,
			);
		};
/* End PBXProject section */

/* Begin PBXResourcesBuildPhase section */
		C24BB9691AE04CA200FF9C91 /* Resources */ = {
			isa = PBXResourcesBuildPhase;
			buildActionMask = 2147483647;
			files = (
				C24BB9761AE04CA200FF9C91 /* Main.storyboard in Resources */,
				C24BB97B1AE04CA200FF9C91 /* LaunchScreen.xib in Resources */,
				C24BB9781AE04CA200FF9C91 /* Images.xcassets in Resources */,
			);
			runOnlyForDeploymentPostprocessing = 0;
		};
		C24BB97E1AE04CA200FF9C91 /* Resources */ = {
			isa = PBXResourcesBuildPhase;
			buildActionMask = 2147483647;
			files = (
			);
			runOnlyForDeploymentPostprocessing = 0;
		};
/* End PBXResourcesBuildPhase section */

/* Begin PBXSourcesBuildPhase section */
		C24BB9671AE04CA200FF9C91 /* Sources */ = {
			isa = PBXSourcesBuildPhase;
			buildActionMask = 2147483647;
			files = (
				C24BB9711AE04CA200FF9C91 /* AppDelegate.swift in Sources */,
				C24BB9911AE04E0900FF9C91 /* NotesTableViewController.swift in Sources */,
			);
			runOnlyForDeploymentPostprocessing = 0;
		};
		C24BB97C1AE04CA200FF9C91 /* Sources */ = {
			isa = PBXSourcesBuildPhase;
			buildActionMask = 2147483647;
			files = (
				C24BB9871AE04CA200FF9C91 /* NotesTests.swift in Sources */,
			);
			runOnlyForDeploymentPostprocessing = 0;
		};
/* End PBXSourcesBuildPhase section */

/* Begin PBXTargetDependency section */
		C24BB9821AE04CA200FF9C91 /* PBXTargetDependency */ = {
			isa = PBXTargetDependency;
			target = C24BB96A1AE04CA200FF9C91 /* Notes */;
			targetProxy = C24BB9811AE04CA200FF9C91 /* PBXContainerItemProxy */;
		};
/* End PBXTargetDependency section */

/* Begin PBXVariantGroup section */
		C24BB9741AE04CA200FF9C91 /* Main.storyboard */ = {
			isa = PBXVariantGroup;
			children = (
				C24BB9751AE04CA200FF9C91 /* Base */,
			);
			name = Main.storyboard;
			sourceTree = "<group>";
		};
		C24BB9791AE04CA200FF9C91 /* LaunchScreen.xib */ = {
			isa = PBXVariantGroup;
			children = (
				C24BB97A1AE04CA200FF9C91 /* Base */,
			);
			name = LaunchScreen.xib;
			sourceTree = "<group>";
		};
/* End PBXVariantGroup section */

/* Begin XCBuildConfiguration section */
		C24BB9881AE04CA200FF9C91 /* Debug */ = {
			isa = XCBuildConfiguration;
			buildSettings = {
				ALWAYS_SEARCH_USER_PATHS = NO;
				CLANG_CXX_LANGUAGE_STANDARD = "gnu++0x";
				CLANG_CXX_LIBRARY = "libc++";
				CLANG_ENABLE_MODULES = YES;
				CLANG_ENABLE_OBJC_ARC = YES;
				CLANG_WARN_BOOL_CONVERSION = YES;
				CLANG_WARN_CONSTANT_CONVERSION = YES;
				CLANG_WARN_DIRECT_OBJC_ISA_USAGE = YES_ERROR;
				CLANG_WARN_EMPTY_BODY = YES;
				CLANG_WARN_ENUM_CONVERSION = YES;
				CLANG_WARN_INT_CONVERSION = YES;
				CLANG_WARN_OBJC_ROOT_CLASS = YES_ERROR;
				CLANG_WARN_UNREACHABLE_CODE = YES;
				CLANG_WARN__DUPLICATE_METHOD_MATCH = YES;
				"CODE_SIGN_IDENTITY[sdk=iphoneos*]" = "iPhone Developer";
				COPY_PHASE_STRIP = NO;
				DEBUG_INFORMATION_FORMAT = "dwarf-with-dsym";
				ENABLE_STRICT_OBJC_MSGSEND = YES;
				GCC_C_LANGUAGE_STANDARD = gnu99;
				GCC_DYNAMIC_NO_PIC = NO;
				GCC_NO_COMMON_BLOCKS = YES;
				GCC_OPTIMIZATION_LEVEL = 0;
				GCC_PREPROCESSOR_DEFINITIONS = (
					"DEBUG=1",
					"$(inherited)",
				);
				GCC_SYMBOLS_PRIVATE_EXTERN = NO;
				GCC_WARN_64_TO_32_BIT_CONVERSION = YES;
				GCC_WARN_ABOUT_RETURN_TYPE = YES_ERROR;
				GCC_WARN_UNDECLARED_SELECTOR = YES;
				GCC_WARN_UNINITIALIZED_AUTOS = YES_AGGRESSIVE;
				GCC_WARN_UNUSED_FUNCTION = YES;
				GCC_WARN_UNUSED_VARIABLE = YES;
				IPHONEOS_DEPLOYMENT_TARGET = 8.3;
				MTL_ENABLE_DEBUG_INFO = YES;
				ONLY_ACTIVE_ARCH = YES;
				SDKROOT = iphoneos;
				SWIFT_OPTIMIZATION_LEVEL = "-Onone";
			};
			name = Debug;
		};
		C24BB9891AE04CA200FF9C91 /* Release */ = {
			isa = XCBuildConfiguration;
			buildSettings = {
				ALWAYS_SEARCH_USER_PATHS = NO;
				CLANG_CXX_LANGUAGE_STANDARD = "gnu++0x";
				CLANG_CXX_LIBRARY = "libc++";
				CLANG_ENABLE_MODULES = YES;
				CLANG_ENABLE_OBJC_ARC = YES;
				CLANG_WARN_BOOL_CONVERSION = YES;
				CLANG_WARN_CONSTANT_CONVERSION = YES;
				CLANG_WARN_DIRECT_OBJC_ISA_USAGE = YES_ERROR;
				CLANG_WARN_EMPTY_BODY = YES;
				CLANG_WARN_ENUM_CONVERSION = YES;
				CLANG_WARN_INT_CONVERSION = YES;
				CLANG_WARN_OBJC_ROOT_CLASS = YES_ERROR;
				CLANG_WARN_UNREACHABLE_CODE = YES;
				CLANG_WARN__DUPLICATE_METHOD_MATCH = YES;
				"CODE_SIGN_IDENTITY[sdk=iphoneos*]" = "iPhone Developer";
				COPY_PHASE_STRIP = NO;
				DEBUG_INFORMATION_FORMAT = "dwarf-with-dsym";
				ENABLE_NS_ASSERTIONS = NO;
				ENABLE_STRICT_OBJC_MSGSEND = YES;
				GCC_C_LANGUAGE_STANDARD = gnu99;
				GCC_NO_COMMON_BLOCKS = YES;
				GCC_WARN_64_TO_32_BIT_CONVERSION = YES;
				GCC_WARN_ABOUT_RETURN_TYPE = YES_ERROR;
				GCC_WARN_UNDECLARED_SELECTOR = YES;
				GCC_WARN_UNINITIALIZED_AUTOS = YES_AGGRESSIVE;
				GCC_WARN_UNUSED_FUNCTION = YES;
				GCC_WARN_UNUSED_VARIABLE = YES;
				IPHONEOS_DEPLOYMENT_TARGET = 8.3;
				MTL_ENABLE_DEBUG_INFO = NO;
				SDKROOT = iphoneos;
				VALIDATE_PRODUCT = YES;
			};
			name = Release;
		};
		C24BB98B1AE04CA200FF9C91 /* Debug */ = {
			isa = XCBuildConfiguration;
			buildSettings = {
				ASSETCATALOG_COMPILER_APPICON_NAME = AppIcon;
				INFOPLIST_FILE = Notes/Info.plist;
				LD_RUNPATH_SEARCH_PATHS = "$(inherited) @executable_path/Frameworks";
				PRODUCT_NAME = "$(TARGET_NAME)";
			};
			name = Debug;
		};
		C24BB98C1AE04CA200FF9C91 /* Release */ = {
			isa = XCBuildConfiguration;
			buildSettings = {
				ASSETCATALOG_COMPILER_APPICON_NAME = AppIcon;
				INFOPLIST_FILE = Notes/Info.plist;
				LD_RUNPATH_SEARCH_PATHS = "$(inherited) @executable_path/Frameworks";
				PRODUCT_NAME = "$(TARGET_NAME)";
			};
			name = Release;
		};
		C24BB98E1AE04CA200FF9C91 /* Debug */ = {
			isa = XCBuildConfiguration;
			buildSettings = {
				BUNDLE_LOADER = "$(TEST_HOST)";
				FRAMEWORK_SEARCH_PATHS = (
					"$(SDKROOT)/Developer/Library/Frameworks",
					"$(inherited)",
				);
				GCC_PREPROCESSOR_DEFINITIONS = (
					"DEBUG=1",
					"$(inherited)",
				);
				INFOPLIST_FILE = NotesTests/Info.plist;
				LD_RUNPATH_SEARCH_PATHS = "$(inherited) @executable_path/Frameworks @loader_path/Frameworks";
				PRODUCT_NAME = "$(TARGET_NAME)";
				TEST_HOST = "$(BUILT_PRODUCTS_DIR)/Notes.app/Notes";
			};
			name = Debug;
		};
		C24BB98F1AE04CA200FF9C91 /* Release */ = {
			isa = XCBuildConfiguration;
			buildSettings = {
				BUNDLE_LOADER = "$(TEST_HOST)";
				FRAMEWORK_SEARCH_PATHS = (
					"$(SDKROOT)/Developer/Library/Frameworks",
					"$(inherited)",
				);
				INFOPLIST_FILE = NotesTests/Info.plist;
				LD_RUNPATH_SEARCH_PATHS = "$(inherited) @executable_path/Frameworks @loader_path/Frameworks";
				PRODUCT_NAME = "$(TARGET_NAME)";
				TEST_HOST = "$(BUILT_PRODUCTS_DIR)/Notes.app/Notes";
			};
			name = Release;
		};
/* End XCBuildConfiguration section */

/* Begin XCConfigurationList section */
		C24BB9661AE04CA200FF9C91 /* Build configuration list for PBXProject "Notes" */ = {
			isa = XCConfigurationList;
			buildConfigurations = (
				C24BB9881AE04CA200FF9C91 /* Debug */,
				C24BB9891AE04CA200FF9C91 /* Release */,
			);
			defaultConfigurationIsVisible = 0;
			defaultConfigurationName = Release;
		};
		C24BB98A1AE04CA200FF9C91 /* Build configuration list for PBXNativeTarget "Notes" */ = {
			isa = XCConfigurationList;
			buildConfigurations = (
				C24BB98B1AE04CA200FF9C91 /* Debug */,
				C24BB98C1AE04CA200FF9C91 /* Release */,
			);
			defaultConfigurationIsVisible = 0;
		};
		C24BB98D1AE04CA200FF9C91 /* Build configuration list for PBXNativeTarget "NotesTests" */ = {
			isa = XCConfigurationList;
			buildConfigurations = (
				C24BB98E1AE04CA200FF9C91 /* Debug */,
				C24BB98F1AE04CA200FF9C91 /* Release */,
			);
			defaultConfigurationIsVisible = 0;
		};
/* End XCConfigurationList section */
	};
	rootObject = C24BB9631AE04CA200FF9C91 /* Project object */;
}
